// !$*UTF8*$!
{
	archiveVersion = 1;
	classes = {
	};
	objectVersion = 46;
	objects = {

/* Begin PBXBuildFile section */
		357164E519DB1E4800ED38A9 /* AppDelegate.swift in Sources */ = {isa = PBXBuildFile; fileRef = 357164E419DB1E4800ED38A9 /* AppDelegate.swift */; };
		357164E719DB1E4800ED38A9 /* GameScene.sks in Resources */ = {isa = PBXBuildFile; fileRef = 357164E619DB1E4800ED38A9 /* GameScene.sks */; };
		357164E919DB1E4800ED38A9 /* GameScene.swift in Sources */ = {isa = PBXBuildFile; fileRef = 357164E819DB1E4800ED38A9 /* GameScene.swift */; };
		357164EB19DB1E4800ED38A9 /* GameViewController.swift in Sources */ = {isa = PBXBuildFile; fileRef = 357164EA19DB1E4800ED38A9 /* GameViewController.swift */; };
		357164EE19DB1E4800ED38A9 /* Main.storyboard in Resources */ = {isa = PBXBuildFile; fileRef = 357164EC19DB1E4800ED38A9 /* Main.storyboard */; };
		357164F019DB1E4800ED38A9 /* Images.xcassets in Resources */ = {isa = PBXBuildFile; fileRef = 357164EF19DB1E4800ED38A9 /* Images.xcassets */; };
		357164F319DB1E4800ED38A9 /* LaunchScreen.xib in Resources */ = {isa = PBXBuildFile; fileRef = 357164F119DB1E4800ED38A9 /* LaunchScreen.xib */; };
		357164FF19DB1E4800ED38A9 /* SpriteKitSimpleGameTests.swift in Sources */ = {isa = PBXBuildFile; fileRef = 357164FE19DB1E4800ED38A9 /* SpriteKitSimpleGameTests.swift */; };
		3571650E19DB1F5500ED38A9 /* sprites.atlas in Resources */ = {isa = PBXBuildFile; fileRef = 3571650B19DB1F5500ED38A9 /* sprites.atlas */; };
		3571651019DB322700ED38A9 /* GameOverScene.swift in Sources */ = {isa = PBXBuildFile; fileRef = 3571650F19DB322700ED38A9 /* GameOverScene.swift */; };
		843088841B54DE2E00417097 /* play256.png in Resources */ = {isa = PBXBuildFile; fileRef = 843088831B54DE2E00417097 /* play256.png */; };
		843365F71B660F9600058193 /* SystemConfiguration.framework in Frameworks */ = {isa = PBXBuildFile; fileRef = 843365F61B660F9600058193 /* SystemConfiguration.framework */; };
		843365F91B660F9D00058193 /* StoreKit.framework in Frameworks */ = {isa = PBXBuildFile; fileRef = 843365F81B660F9D00058193 /* StoreKit.framework */; };
		843365FB1B660FA300058193 /* MessageUI.framework in Frameworks */ = {isa = PBXBuildFile; fileRef = 843365FA1B660FA300058193 /* MessageUI.framework */; };
		843365FE1B660FAB00058193 /* EventKit.framework in Frameworks */ = {isa = PBXBuildFile; fileRef = 843365FC1B660FAB00058193 /* EventKit.framework */; };
		843365FF1B660FAB00058193 /* EventKitUI.framework in Frameworks */ = {isa = PBXBuildFile; fileRef = 843365FD1B660FAB00058193 /* EventKitUI.framework */; };
		843366011B660FB200058193 /* CoreTelephony.framework in Frameworks */ = {isa = PBXBuildFile; fileRef = 843366001B660FB200058193 /* CoreTelephony.framework */; };
		843366031B660FBA00058193 /* CoreMedia.framework in Frameworks */ = {isa = PBXBuildFile; fileRef = 843366021B660FBA00058193 /* CoreMedia.framework */; };
		843366051B660FC000058193 /* CoreGraphics.framework in Frameworks */ = {isa = PBXBuildFile; fileRef = 843366041B660FC000058193 /* CoreGraphics.framework */; };
		843366071B660FC500058193 /* AVFoundation.framework in Frameworks */ = {isa = PBXBuildFile; fileRef = 843366061B660FC500058193 /* AVFoundation.framework */; };
		843366091B660FCB00058193 /* AudioToolbox.framework in Frameworks */ = {isa = PBXBuildFile; fileRef = 843366081B660FCB00058193 /* AudioToolbox.framework */; };
		8433660B1B660FD100058193 /* AdSupport.framework in Frameworks */ = {isa = PBXBuildFile; fileRef = 8433660A1B660FD100058193 /* AdSupport.framework */; };
		84A1AD751B560B2400884A7D /* b1.png in Resources */ = {isa = PBXBuildFile; fileRef = 84A1AD741B560B2400884A7D /* b1.png */; };
		84AB9DE61B8077BA00F3D96B /* CFNetwork.framework in Frameworks */ = {isa = PBXBuildFile; fileRef = 84AB9DE51B8077BA00F3D96B /* CFNetwork.framework */; };
		84AB9DE81B8077C600F3D96B /* QuartzCore.framework in Frameworks */ = {isa = PBXBuildFile; fileRef = 84AB9DE71B8077C600F3D96B /* QuartzCore.framework */; };
		84AB9DEC1B80780600F3D96B /* CoreAudio.framework in Frameworks */ = {isa = PBXBuildFile; fileRef = 84AB9DE91B80780600F3D96B /* CoreAudio.framework */; };
		84AB9DED1B80780600F3D96B /* CoreData.framework in Frameworks */ = {isa = PBXBuildFile; fileRef = 84AB9DEA1B80780600F3D96B /* CoreData.framework */; };
		84AB9DEE1B80780600F3D96B /* CoreLocation.framework in Frameworks */ = {isa = PBXBuildFile; fileRef = 84AB9DEB1B80780600F3D96B /* CoreLocation.framework */; };
		84AB9DF01B80782F00F3D96B /* Social.framework in Frameworks */ = {isa = PBXBuildFile; fileRef = 84AB9DEF1B80782F00F3D96B /* Social.framework */; };
		84AB9DF21B80783E00F3D96B /* WebKit.framework in Frameworks */ = {isa = PBXBuildFile; fileRef = 84AB9DF11B80783E00F3D96B /* WebKit.framework */; };
		84AB9DF41B80785100F3D96B /* Foundation.framework in Frameworks */ = {isa = PBXBuildFile; fileRef = 84AB9DF31B80785100F3D96B /* Foundation.framework */; };
		84AB9DF61B8089B500F3D96B /* MediaPlayer.framework in Frameworks */ = {isa = PBXBuildFile; fileRef = 84AB9DF51B8089B500F3D96B /* MediaPlayer.framework */; };
		84AB9DF81B8089DC00F3D96B /* Security.framework in Frameworks */ = {isa = PBXBuildFile; fileRef = 84AB9DF71B8089DC00F3D96B /* Security.framework */; };
		84AB9DFA1B8089EC00F3D96B /* UIKit.framework in Frameworks */ = {isa = PBXBuildFile; fileRef = 84AB9DF91B8089EC00F3D96B /* UIKit.framework */; };
		84E24DDB1B54D4F10006C070 /* 1.mp3 in Resources */ = {isa = PBXBuildFile; fileRef = 84E24DDA1B54D4F10006C070 /* 1.mp3 */; };
		84E24DDD1B54D50B0006C070 /* buzz2.mp3 in Resources */ = {isa = PBXBuildFile; fileRef = 84E24DDC1B54D50B0006C070 /* buzz2.mp3 */; };
		965E813E1CB608A100126BCB /* RevMobAds.framework in Frameworks */ = {isa = PBXBuildFile; fileRef = 965E813D1CB608A100126BCB /* RevMobAds.framework */; };
		9670A9071C646C4D00EEF360 /* GoogleMobileAds.framework in Frameworks */ = {isa = PBXBuildFile; fileRef = 9670A9051C646C4D00EEF360 /* GoogleMobileAds.framework */; };
		9670A90F1C646FE600EEF360 /* AdManagerView.swift in Sources */ = {isa = PBXBuildFile; fileRef = 9670A9091C646FE600EEF360 /* AdManagerView.swift */; };
		9670A9101C646FE600EEF360 /* cclass.m in Sources */ = {isa = PBXBuildFile; fileRef = 9670A90C1C646FE600EEF360 /* cclass.m */; };
		9670A9111C646FE600EEF360 /* MyAd.swift in Sources */ = {isa = PBXBuildFile; fileRef = 9670A90D1C646FE600EEF360 /* MyAd.swift */; };
		9670A9121C646FE600EEF360 /* StoryboardAD.storyboard in Resources */ = {isa = PBXBuildFile; fileRef = 9670A90E1C646FE600EEF360 /* StoryboardAD.storyboard */; };
		9670A9141C64708900EEF360 /* Data.swift in Sources */ = {isa = PBXBuildFile; fileRef = 9670A9131C64708900EEF360 /* Data.swift */; };
		969288AE1CB2677F00CA073A /* Utility.swift in Sources */ = {isa = PBXBuildFile; fileRef = 969288AD1CB2677F00CA073A /* Utility.swift */; };
		969288B31CB267C500CA073A /* AdColony.framework in Frameworks */ = {isa = PBXBuildFile; fileRef = 969288AF1CB267C500CA073A /* AdColony.framework */; };
		969288B41CB267C500CA073A /* AmazonAd.framework in Frameworks */ = {isa = PBXBuildFile; fileRef = 969288B01CB267C500CA073A /* AmazonAd.framework */; };
		969288B51CB267C500CA073A /* StartApp.bundle in Resources */ = {isa = PBXBuildFile; fileRef = 969288B11CB267C500CA073A /* StartApp.bundle */; };
		969288B61CB267C500CA073A /* StartApp.framework in Frameworks */ = {isa = PBXBuildFile; fileRef = 969288B21CB267C500CA073A /* StartApp.framework */; };
		969288B81CB267D500CA073A /* WebKit.framework in Frameworks */ = {isa = PBXBuildFile; fileRef = 969288B71CB267D500CA073A /* WebKit.framework */; };
		969288BA1CB267FE00CA073A /* libz.1.2.5.tbd in Frameworks */ = {isa = PBXBuildFile; fileRef = 969288B91CB267FE00CA073A /* libz.1.2.5.tbd */; };
		969288BC1CB2686B00CA073A /* ADXML.swift in Sources */ = {isa = PBXBuildFile; fileRef = 969288BB1CB2686B00CA073A /* ADXML.swift */; };
		969288BE1CB36D3A00CA073A /* libz.tbd in Frameworks */ = {isa = PBXBuildFile; fileRef = 969288BD1CB36D3A00CA073A /* libz.tbd */; };
		96DD2D131C61F7CF0053EDF7 /* libsqlite3.0.tbd in Frameworks */ = {isa = PBXBuildFile; fileRef = 96DD2D111C61F7CE0053EDF7 /* libsqlite3.0.tbd */; };
		96DD2D141C61F7CF0053EDF7 /* libsqlite3.tbd in Frameworks */ = {isa = PBXBuildFile; fileRef = 96DD2D121C61F7CE0053EDF7 /* libsqlite3.tbd */; };
/* End PBXBuildFile section */

/* Begin PBXContainerItemProxy section */
		357164F919DB1E4800ED38A9 /* PBXContainerItemProxy */ = {
			isa = PBXContainerItemProxy;
			containerPortal = 357164D719DB1E4800ED38A9 /* Project object */;
			proxyType = 1;
			remoteGlobalIDString = 357164DE19DB1E4800ED38A9;
			remoteInfo = SpriteKitSimpleGame;
		};
/* End PBXContainerItemProxy section */

/* Begin PBXFileReference section */
		357164DF19DB1E4800ED38A9 /* Gummy Fighter.app */ = {isa = PBXFileReference; explicitFileType = wrapper.application; includeInIndex = 0; path = "Gummy Fighter.app"; sourceTree = BUILT_PRODUCTS_DIR; };
		357164E319DB1E4800ED38A9 /* Info.plist */ = {isa = PBXFileReference; lastKnownFileType = text.plist.xml; path = Info.plist; sourceTree = "<group>"; };
		357164E419DB1E4800ED38A9 /* AppDelegate.swift */ = {isa = PBXFileReference; lastKnownFileType = sourcecode.swift; path = AppDelegate.swift; sourceTree = "<group>"; };
		357164E619DB1E4800ED38A9 /* GameScene.sks */ = {isa = PBXFileReference; lastKnownFileType = file.sks; path = GameScene.sks; sourceTree = "<group>"; };
		357164E819DB1E4800ED38A9 /* GameScene.swift */ = {isa = PBXFileReference; lastKnownFileType = sourcecode.swift; path = GameScene.swift; sourceTree = "<group>"; };
		357164EA19DB1E4800ED38A9 /* GameViewController.swift */ = {isa = PBXFileReference; lastKnownFileType = sourcecode.swift; path = GameViewController.swift; sourceTree = "<group>"; };
		357164ED19DB1E4800ED38A9 /* Base */ = {isa = PBXFileReference; lastKnownFileType = file.storyboard; name = Base; path = Base.lproj/Main.storyboard; sourceTree = "<group>"; };
		357164EF19DB1E4800ED38A9 /* Images.xcassets */ = {isa = PBXFileReference; lastKnownFileType = folder.assetcatalog; path = Images.xcassets; sourceTree = "<group>"; };
		357164F219DB1E4800ED38A9 /* Base */ = {isa = PBXFileReference; lastKnownFileType = file.xib; name = Base; path = Base.lproj/LaunchScreen.xib; sourceTree = "<group>"; };
		357164F819DB1E4800ED38A9 /* Gummy Fighter.xctest */ = {isa = PBXFileReference; explicitFileType = wrapper.cfbundle; includeInIndex = 0; path = "Gummy Fighter.xctest"; sourceTree = BUILT_PRODUCTS_DIR; };
		357164FD19DB1E4800ED38A9 /* Info.plist */ = {isa = PBXFileReference; lastKnownFileType = text.plist.xml; path = Info.plist; sourceTree = "<group>"; };
		357164FE19DB1E4800ED38A9 /* SpriteKitSimpleGameTests.swift */ = {isa = PBXFileReference; lastKnownFileType = sourcecode.swift; path = SpriteKitSimpleGameTests.swift; sourceTree = "<group>"; };
		3571650B19DB1F5500ED38A9 /* sprites.atlas */ = {isa = PBXFileReference; lastKnownFileType = folder.skatlas; path = sprites.atlas; sourceTree = "<group>"; };
		3571650F19DB322700ED38A9 /* GameOverScene.swift */ = {isa = PBXFileReference; fileEncoding = 4; lastKnownFileType = sourcecode.swift; path = GameOverScene.swift; sourceTree = "<group>"; };
		843088831B54DE2E00417097 /* play256.png */ = {isa = PBXFileReference; lastKnownFileType = image.png; path = play256.png; sourceTree = "<group>"; };
		843365F61B660F9600058193 /* SystemConfiguration.framework */ = {isa = PBXFileReference; lastKnownFileType = wrapper.framework; name = SystemConfiguration.framework; path = System/Library/Frameworks/SystemConfiguration.framework; sourceTree = SDKROOT; };
		843365F81B660F9D00058193 /* StoreKit.framework */ = {isa = PBXFileReference; lastKnownFileType = wrapper.framework; name = StoreKit.framework; path = System/Library/Frameworks/StoreKit.framework; sourceTree = SDKROOT; };
		843365FA1B660FA300058193 /* MessageUI.framework */ = {isa = PBXFileReference; lastKnownFileType = wrapper.framework; name = MessageUI.framework; path = System/Library/Frameworks/MessageUI.framework; sourceTree = SDKROOT; };
		843365FC1B660FAB00058193 /* EventKit.framework */ = {isa = PBXFileReference; lastKnownFileType = wrapper.framework; name = EventKit.framework; path = System/Library/Frameworks/EventKit.framework; sourceTree = SDKROOT; };
		843365FD1B660FAB00058193 /* EventKitUI.framework */ = {isa = PBXFileReference; lastKnownFileType = wrapper.framework; name = EventKitUI.framework; path = System/Library/Frameworks/EventKitUI.framework; sourceTree = SDKROOT; };
		843366001B660FB200058193 /* CoreTelephony.framework */ = {isa = PBXFileReference; lastKnownFileType = wrapper.framework; name = CoreTelephony.framework; path = System/Library/Frameworks/CoreTelephony.framework; sourceTree = SDKROOT; };
		843366021B660FBA00058193 /* CoreMedia.framework */ = {isa = PBXFileReference; lastKnownFileType = wrapper.framework; name = CoreMedia.framework; path = System/Library/Frameworks/CoreMedia.framework; sourceTree = SDKROOT; };
		843366041B660FC000058193 /* CoreGraphics.framework */ = {isa = PBXFileReference; lastKnownFileType = wrapper.framework; name = CoreGraphics.framework; path = System/Library/Frameworks/CoreGraphics.framework; sourceTree = SDKROOT; };
		843366061B660FC500058193 /* AVFoundation.framework */ = {isa = PBXFileReference; lastKnownFileType = wrapper.framework; name = AVFoundation.framework; path = System/Library/Frameworks/AVFoundation.framework; sourceTree = SDKROOT; };
		843366081B660FCB00058193 /* AudioToolbox.framework */ = {isa = PBXFileReference; lastKnownFileType = wrapper.framework; name = AudioToolbox.framework; path = System/Library/Frameworks/AudioToolbox.framework; sourceTree = SDKROOT; };
		8433660A1B660FD100058193 /* AdSupport.framework */ = {isa = PBXFileReference; lastKnownFileType = wrapper.framework; name = AdSupport.framework; path = System/Library/Frameworks/AdSupport.framework; sourceTree = SDKROOT; };
		84A1AD741B560B2400884A7D /* b1.png */ = {isa = PBXFileReference; lastKnownFileType = image.png; path = b1.png; sourceTree = "<group>"; };
		84AB9DE51B8077BA00F3D96B /* CFNetwork.framework */ = {isa = PBXFileReference; lastKnownFileType = wrapper.framework; name = CFNetwork.framework; path = System/Library/Frameworks/CFNetwork.framework; sourceTree = SDKROOT; };
		84AB9DE71B8077C600F3D96B /* QuartzCore.framework */ = {isa = PBXFileReference; lastKnownFileType = wrapper.framework; name = QuartzCore.framework; path = System/Library/Frameworks/QuartzCore.framework; sourceTree = SDKROOT; };
		84AB9DE91B80780600F3D96B /* CoreAudio.framework */ = {isa = PBXFileReference; lastKnownFileType = wrapper.framework; name = CoreAudio.framework; path = System/Library/Frameworks/CoreAudio.framework; sourceTree = SDKROOT; };
		84AB9DEA1B80780600F3D96B /* CoreData.framework */ = {isa = PBXFileReference; lastKnownFileType = wrapper.framework; name = CoreData.framework; path = System/Library/Frameworks/CoreData.framework; sourceTree = SDKROOT; };
		84AB9DEB1B80780600F3D96B /* CoreLocation.framework */ = {isa = PBXFileReference; lastKnownFileType = wrapper.framework; name = CoreLocation.framework; path = System/Library/Frameworks/CoreLocation.framework; sourceTree = SDKROOT; };
		84AB9DEF1B80782F00F3D96B /* Social.framework */ = {isa = PBXFileReference; lastKnownFileType = wrapper.framework; name = Social.framework; path = System/Library/Frameworks/Social.framework; sourceTree = SDKROOT; };
		84AB9DF11B80783E00F3D96B /* WebKit.framework */ = {isa = PBXFileReference; lastKnownFileType = wrapper.framework; name = WebKit.framework; path = System/Library/Frameworks/WebKit.framework; sourceTree = SDKROOT; };
		84AB9DF31B80785100F3D96B /* Foundation.framework */ = {isa = PBXFileReference; lastKnownFileType = wrapper.framework; name = Foundation.framework; path = System/Library/Frameworks/Foundation.framework; sourceTree = SDKROOT; };
		84AB9DF51B8089B500F3D96B /* MediaPlayer.framework */ = {isa = PBXFileReference; lastKnownFileType = wrapper.framework; name = MediaPlayer.framework; path = System/Library/Frameworks/MediaPlayer.framework; sourceTree = SDKROOT; };
		84AB9DF71B8089DC00F3D96B /* Security.framework */ = {isa = PBXFileReference; lastKnownFileType = wrapper.framework; name = Security.framework; path = System/Library/Frameworks/Security.framework; sourceTree = SDKROOT; };
		84AB9DF91B8089EC00F3D96B /* UIKit.framework */ = {isa = PBXFileReference; lastKnownFileType = wrapper.framework; name = UIKit.framework; path = System/Library/Frameworks/UIKit.framework; sourceTree = SDKROOT; };
		84E24DDA1B54D4F10006C070 /* 1.mp3 */ = {isa = PBXFileReference; lastKnownFileType = audio.mp3; path = 1.mp3; sourceTree = "<group>"; };
		84E24DDC1B54D50B0006C070 /* buzz2.mp3 */ = {isa = PBXFileReference; lastKnownFileType = audio.mp3; path = buzz2.mp3; sourceTree = "<group>"; };
		965E813D1CB608A100126BCB /* RevMobAds.framework */ = {isa = PBXFileReference; lastKnownFileType = wrapper.framework; path = RevMobAds.framework; sourceTree = "<group>"; };
		9670A9051C646C4D00EEF360 /* GoogleMobileAds.framework */ = {isa = PBXFileReference; lastKnownFileType = wrapper.framework; path = GoogleMobileAds.framework; sourceTree = "<group>"; };
		9670A9091C646FE600EEF360 /* AdManagerView.swift */ = {isa = PBXFileReference; fileEncoding = 4; lastKnownFileType = sourcecode.swift; name = AdManagerView.swift; path = AdManager/AdManagerView.swift; sourceTree = "<group>"; };
		9670A90A1C646FE600EEF360 /* Bridging-header.h */ = {isa = PBXFileReference; fileEncoding = 4; lastKnownFileType = sourcecode.c.h; name = "Bridging-header.h"; path = "AdManager/Bridging-header.h"; sourceTree = "<group>"; };
		9670A90B1C646FE600EEF360 /* cclass.h */ = {isa = PBXFileReference; fileEncoding = 4; lastKnownFileType = sourcecode.c.h; name = cclass.h; path = AdManager/cclass.h; sourceTree = "<group>"; };
		9670A90C1C646FE600EEF360 /* cclass.m */ = {isa = PBXFileReference; fileEncoding = 4; lastKnownFileType = sourcecode.c.objc; name = cclass.m; path = AdManager/cclass.m; sourceTree = "<group>"; };
		9670A90D1C646FE600EEF360 /* MyAd.swift */ = {isa = PBXFileReference; fileEncoding = 4; lastKnownFileType = sourcecode.swift; name = MyAd.swift; path = AdManager/MyAd.swift; sourceTree = "<group>"; };
		9670A90E1C646FE600EEF360 /* StoryboardAD.storyboard */ = {isa = PBXFileReference; fileEncoding = 4; lastKnownFileType = file.storyboard; name = StoryboardAD.storyboard; path = AdManager/StoryboardAD.storyboard; sourceTree = "<group>"; };
		9670A9131C64708900EEF360 /* Data.swift */ = {isa = PBXFileReference; fileEncoding = 4; lastKnownFileType = sourcecode.swift; name = Data.swift; path = AdManager/Data.swift; sourceTree = "<group>"; };
		969288AD1CB2677F00CA073A /* Utility.swift */ = {isa = PBXFileReference; fileEncoding = 4; lastKnownFileType = sourcecode.swift; name = Utility.swift; path = AdManager/Utility.swift; sourceTree = "<group>"; };
		969288AF1CB267C500CA073A /* AdColony.framework */ = {isa = PBXFileReference; lastKnownFileType = wrapper.framework; path = AdColony.framework; sourceTree = "<group>"; };
		969288B01CB267C500CA073A /* AmazonAd.framework */ = {isa = PBXFileReference; lastKnownFileType = wrapper.framework; path = AmazonAd.framework; sourceTree = "<group>"; };
		969288B11CB267C500CA073A /* StartApp.bundle */ = {isa = PBXFileReference; lastKnownFileType = "wrapper.plug-in"; path = StartApp.bundle; sourceTree = "<group>"; };
		969288B21CB267C500CA073A /* StartApp.framework */ = {isa = PBXFileReference; lastKnownFileType = wrapper.framework; path = StartApp.framework; sourceTree = "<group>"; };
		969288B71CB267D500CA073A /* WebKit.framework */ = {isa = PBXFileReference; lastKnownFileType = wrapper.framework; name = WebKit.framework; path = System/Library/PrivateFrameworks/WebKit.framework; sourceTree = SDKROOT; };
		969288B91CB267FE00CA073A /* libz.1.2.5.tbd */ = {isa = PBXFileReference; lastKnownFileType = "sourcecode.text-based-dylib-definition"; name = libz.1.2.5.tbd; path = usr/lib/libz.1.2.5.tbd; sourceTree = SDKROOT; };
		969288BB1CB2686B00CA073A /* ADXML.swift */ = {isa = PBXFileReference; fileEncoding = 4; lastKnownFileType = sourcecode.swift; name = ADXML.swift; path = AdManager/ADXML.swift; sourceTree = "<group>"; };
		969288BD1CB36D3A00CA073A /* libz.tbd */ = {isa = PBXFileReference; lastKnownFileType = "sourcecode.text-based-dylib-definition"; name = libz.tbd; path = usr/lib/libz.tbd; sourceTree = SDKROOT; };
		96DD2D111C61F7CE0053EDF7 /* libsqlite3.0.tbd */ = {isa = PBXFileReference; lastKnownFileType = "sourcecode.text-based-dylib-definition"; name = libsqlite3.0.tbd; path = usr/lib/libsqlite3.0.tbd; sourceTree = SDKROOT; };
		96DD2D121C61F7CE0053EDF7 /* libsqlite3.tbd */ = {isa = PBXFileReference; lastKnownFileType = "sourcecode.text-based-dylib-definition"; name = libsqlite3.tbd; path = usr/lib/libsqlite3.tbd; sourceTree = SDKROOT; };
/* End PBXFileReference section */

/* Begin PBXFrameworksBuildPhase section */
		357164DC19DB1E4800ED38A9 /* Frameworks */ = {
			isa = PBXFrameworksBuildPhase;
			buildActionMask = 2147483647;
			files = (
				969288BE1CB36D3A00CA073A /* libz.tbd in Frameworks */,
				96DD2D131C61F7CF0053EDF7 /* libsqlite3.0.tbd in Frameworks */,
				969288BA1CB267FE00CA073A /* libz.1.2.5.tbd in Frameworks */,
				84AB9DF01B80782F00F3D96B /* Social.framework in Frameworks */,
				969288B81CB267D500CA073A /* WebKit.framework in Frameworks */,
				96DD2D141C61F7CF0053EDF7 /* libsqlite3.tbd in Frameworks */,
				9670A9071C646C4D00EEF360 /* GoogleMobileAds.framework in Frameworks */,
				8433660B1B660FD100058193 /* AdSupport.framework in Frameworks */,
				84AB9DE61B8077BA00F3D96B /* CFNetwork.framework in Frameworks */,
				84AB9DFA1B8089EC00F3D96B /* UIKit.framework in Frameworks */,
				84AB9DF81B8089DC00F3D96B /* Security.framework in Frameworks */,
				84AB9DF61B8089B500F3D96B /* MediaPlayer.framework in Frameworks */,
				843366091B660FCB00058193 /* AudioToolbox.framework in Frameworks */,
				84AB9DF41B80785100F3D96B /* Foundation.framework in Frameworks */,
				843366071B660FC500058193 /* AVFoundation.framework in Frameworks */,
				84AB9DF21B80783E00F3D96B /* WebKit.framework in Frameworks */,
				969288B61CB267C500CA073A /* StartApp.framework in Frameworks */,
				843365F91B660F9D00058193 /* StoreKit.framework in Frameworks */,
				965E813E1CB608A100126BCB /* RevMobAds.framework in Frameworks */,
				969288B41CB267C500CA073A /* AmazonAd.framework in Frameworks */,
				84AB9DEC1B80780600F3D96B /* CoreAudio.framework in Frameworks */,
				84AB9DED1B80780600F3D96B /* CoreData.framework in Frameworks */,
				84AB9DEE1B80780600F3D96B /* CoreLocation.framework in Frameworks */,
				84AB9DE81B8077C600F3D96B /* QuartzCore.framework in Frameworks */,
				843365FE1B660FAB00058193 /* EventKit.framework in Frameworks */,
				843365FF1B660FAB00058193 /* EventKitUI.framework in Frameworks */,
				843366051B660FC000058193 /* CoreGraphics.framework in Frameworks */,
				843366031B660FBA00058193 /* CoreMedia.framework in Frameworks */,
				843366011B660FB200058193 /* CoreTelephony.framework in Frameworks */,
				969288B31CB267C500CA073A /* AdColony.framework in Frameworks */,
				843365FB1B660FA300058193 /* MessageUI.framework in Frameworks */,
				843365F71B660F9600058193 /* SystemConfiguration.framework in Frameworks */,
			);
			runOnlyForDeploymentPostprocessing = 0;
		};
		357164F519DB1E4800ED38A9 /* Frameworks */ = {
			isa = PBXFrameworksBuildPhase;
			buildActionMask = 2147483647;
			files = (
			);
			runOnlyForDeploymentPostprocessing = 0;
		};
/* End PBXFrameworksBuildPhase section */

/* Begin PBXGroup section */
		357164D619DB1E4800ED38A9 = {
			isa = PBXGroup;
			children = (
				965E813D1CB608A100126BCB /* RevMobAds.framework */,
				969288BD1CB36D3A00CA073A /* libz.tbd */,
				969288B91CB267FE00CA073A /* libz.1.2.5.tbd */,
				969288B71CB267D500CA073A /* WebKit.framework */,
				969288AF1CB267C500CA073A /* AdColony.framework */,
				969288B01CB267C500CA073A /* AmazonAd.framework */,
				969288B11CB267C500CA073A /* StartApp.bundle */,
				969288B21CB267C500CA073A /* StartApp.framework */,
				9670A9051C646C4D00EEF360 /* GoogleMobileAds.framework */,
				96DD2D111C61F7CE0053EDF7 /* libsqlite3.0.tbd */,
				96DD2D121C61F7CE0053EDF7 /* libsqlite3.tbd */,
				84AB9DF91B8089EC00F3D96B /* UIKit.framework */,
				84AB9DF71B8089DC00F3D96B /* Security.framework */,
				84AB9DF51B8089B500F3D96B /* MediaPlayer.framework */,
				84AB9DF31B80785100F3D96B /* Foundation.framework */,
				84AB9DF11B80783E00F3D96B /* WebKit.framework */,
				84AB9DEF1B80782F00F3D96B /* Social.framework */,
				84AB9DE91B80780600F3D96B /* CoreAudio.framework */,
				84AB9DEA1B80780600F3D96B /* CoreData.framework */,
				84AB9DEB1B80780600F3D96B /* CoreLocation.framework */,
				84AB9DE71B8077C600F3D96B /* QuartzCore.framework */,
				84AB9DE51B8077BA00F3D96B /* CFNetwork.framework */,
				8433660A1B660FD100058193 /* AdSupport.framework */,
				843366081B660FCB00058193 /* AudioToolbox.framework */,
				843366061B660FC500058193 /* AVFoundation.framework */,
				843366041B660FC000058193 /* CoreGraphics.framework */,
				843366021B660FBA00058193 /* CoreMedia.framework */,
				843366001B660FB200058193 /* CoreTelephony.framework */,
				843365FC1B660FAB00058193 /* EventKit.framework */,
				843365FD1B660FAB00058193 /* EventKitUI.framework */,
				843365FA1B660FA300058193 /* MessageUI.framework */,
				843365F81B660F9D00058193 /* StoreKit.framework */,
				843365F61B660F9600058193 /* SystemConfiguration.framework */,
				357164E119DB1E4800ED38A9 /* SpriteKitSimpleGame */,
				357164E019DB1E4800ED38A9 /* Products */,
			);
			sourceTree = "<group>";
		};
		357164E019DB1E4800ED38A9 /* Products */ = {
			isa = PBXGroup;
			children = (
				357164DF19DB1E4800ED38A9 /* Gummy Fighter.app */,
				357164F819DB1E4800ED38A9 /* Gummy Fighter.xctest */,
			);
			name = Products;
			sourceTree = "<group>";
		};
		357164E119DB1E4800ED38A9 /* SpriteKitSimpleGame */ = {
			isa = PBXGroup;
			children = (
				9670A9081C646FBD00EEF360 /* Ad */,
				3571650819DB1F5500ED38A9 /* Sounds */,
				3571650B19DB1F5500ED38A9 /* sprites.atlas */,
				357164E419DB1E4800ED38A9 /* AppDelegate.swift */,
				357164E619DB1E4800ED38A9 /* GameScene.sks */,
				357164E819DB1E4800ED38A9 /* GameScene.swift */,
				3571650F19DB322700ED38A9 /* GameOverScene.swift */,
				357164EA19DB1E4800ED38A9 /* GameViewController.swift */,
				357164EC19DB1E4800ED38A9 /* Main.storyboard */,
				357164EF19DB1E4800ED38A9 /* Images.xcassets */,
				357164F119DB1E4800ED38A9 /* LaunchScreen.xib */,
				357164E219DB1E4800ED38A9 /* Supporting Files */,
			);
			path = SpriteKitSimpleGame;
			sourceTree = "<group>";
		};
		357164E219DB1E4800ED38A9 /* Supporting Files */ = {
			isa = PBXGroup;
			children = (
				357164FB19DB1E4800ED38A9 /* SpriteKitSimpleGameTests */,
				357164E319DB1E4800ED38A9 /* Info.plist */,
			);
			name = "Supporting Files";
			sourceTree = "<group>";
		};
		357164FB19DB1E4800ED38A9 /* SpriteKitSimpleGameTests */ = {
			isa = PBXGroup;
			children = (
				357164FE19DB1E4800ED38A9 /* SpriteKitSimpleGameTests.swift */,
				357164FC19DB1E4800ED38A9 /* Supporting Files */,
			);
			path = SpriteKitSimpleGameTests;
			sourceTree = SOURCE_ROOT;
		};
		357164FC19DB1E4800ED38A9 /* Supporting Files */ = {
			isa = PBXGroup;
			children = (
				357164FD19DB1E4800ED38A9 /* Info.plist */,
			);
			name = "Supporting Files";
			sourceTree = "<group>";
		};
		3571650819DB1F5500ED38A9 /* Sounds */ = {
			isa = PBXGroup;
			children = (
				84A1AD741B560B2400884A7D /* b1.png */,
				843088831B54DE2E00417097 /* play256.png */,
				84E24DDC1B54D50B0006C070 /* buzz2.mp3 */,
				84E24DDA1B54D4F10006C070 /* 1.mp3 */,
			);
			path = Sounds;
			sourceTree = "<group>";
		};
		9670A9081C646FBD00EEF360 /* Ad */ = {
			isa = PBXGroup;
			children = (
				969288BB1CB2686B00CA073A /* ADXML.swift */,
				969288AD1CB2677F00CA073A /* Utility.swift */,
				9670A9131C64708900EEF360 /* Data.swift */,
				9670A9091C646FE600EEF360 /* AdManagerView.swift */,
				9670A90A1C646FE600EEF360 /* Bridging-header.h */,
				9670A90B1C646FE600EEF360 /* cclass.h */,
				9670A90C1C646FE600EEF360 /* cclass.m */,
				9670A90D1C646FE600EEF360 /* MyAd.swift */,
				9670A90E1C646FE600EEF360 /* StoryboardAD.storyboard */,
			);
			name = Ad;
			sourceTree = "<group>";
		};
/* End PBXGroup section */

/* Begin PBXNativeTarget section */
		357164DE19DB1E4800ED38A9 /* Gummy Fighter */ = {
			isa = PBXNativeTarget;
			buildConfigurationList = 3571650219DB1E4800ED38A9 /* Build configuration list for PBXNativeTarget "Gummy Fighter" */;
			buildPhases = (
				357164DB19DB1E4800ED38A9 /* Sources */,
				357164DC19DB1E4800ED38A9 /* Frameworks */,
				357164DD19DB1E4800ED38A9 /* Resources */,
			);
			buildRules = (
			);
			dependencies = (
			);
			name = "Gummy Fighter";
			productName = SpriteKitSimpleGame;
			productReference = 357164DF19DB1E4800ED38A9 /* Gummy Fighter.app */;
			productType = "com.apple.product-type.application";
		};
		357164F719DB1E4800ED38A9 /* Gummy FighterTests */ = {
			isa = PBXNativeTarget;
			buildConfigurationList = 3571650519DB1E4800ED38A9 /* Build configuration list for PBXNativeTarget "Gummy FighterTests" */;
			buildPhases = (
				357164F419DB1E4800ED38A9 /* Sources */,
				357164F519DB1E4800ED38A9 /* Frameworks */,
				357164F619DB1E4800ED38A9 /* Resources */,
			);
			buildRules = (
			);
			dependencies = (
				357164FA19DB1E4800ED38A9 /* PBXTargetDependency */,
			);
			name = "Gummy FighterTests";
			productName = SpriteKitSimpleGameTests;
			productReference = 357164F819DB1E4800ED38A9 /* Gummy Fighter.xctest */;
			productType = "com.apple.product-type.bundle.unit-test";
		};
/* End PBXNativeTarget section */

/* Begin PBXProject section */
		357164D719DB1E4800ED38A9 /* Project object */ = {
			isa = PBXProject;
			attributes = {
				LastSwiftUpdateCheck = 0720;
				LastUpgradeCheck = 0720;
				ORGANIZATIONNAME = PhuongNguyen;
				TargetAttributes = {
					357164DE19DB1E4800ED38A9 = {
						CreatedOnToolsVersion = 6.0.1;
						DevelopmentTeam = 6SZC32EP3F;
					};
					357164F719DB1E4800ED38A9 = {
						CreatedOnToolsVersion = 6.0.1;
						TestTargetID = 357164DE19DB1E4800ED38A9;
					};
				};
			};
			buildConfigurationList = 357164DA19DB1E4800ED38A9 /* Build configuration list for PBXProject "Gummy Fighter" */;
			compatibilityVersion = "Xcode 3.2";
			developmentRegion = English;
			hasScannedForEncodings = 0;
			knownRegions = (
				en,
				Base,
			);
			mainGroup = 357164D619DB1E4800ED38A9;
			productRefGroup = 357164E019DB1E4800ED38A9 /* Products */;
			projectDirPath = "";
			projectRoot = "";
			targets = (
				357164DE19DB1E4800ED38A9 /* Gummy Fighter */,
				357164F719DB1E4800ED38A9 /* Gummy FighterTests */,
			);
		};
/* End PBXProject section */

/* Begin PBXResourcesBuildPhase section */
		357164DD19DB1E4800ED38A9 /* Resources */ = {
			isa = PBXResourcesBuildPhase;
			buildActionMask = 2147483647;
			files = (
				969288B51CB267C500CA073A /* StartApp.bundle in Resources */,
				84A1AD751B560B2400884A7D /* b1.png in Resources */,
				3571650E19DB1F5500ED38A9 /* sprites.atlas in Resources */,
				9670A9121C646FE600EEF360 /* StoryboardAD.storyboard in Resources */,
				843088841B54DE2E00417097 /* play256.png in Resources */,
				84E24DDD1B54D50B0006C070 /* buzz2.mp3 in Resources */,
				357164F319DB1E4800ED38A9 /* LaunchScreen.xib in Resources */,
				357164F019DB1E4800ED38A9 /* Images.xcassets in Resources */,
				84E24DDB1B54D4F10006C070 /* 1.mp3 in Resources */,
				357164E719DB1E4800ED38A9 /* GameScene.sks in Resources */,
				357164EE19DB1E4800ED38A9 /* Main.storyboard in Resources */,
			);
			runOnlyForDeploymentPostprocessing = 0;
		};
		357164F619DB1E4800ED38A9 /* Resources */ = {
			isa = PBXResourcesBuildPhase;
			buildActionMask = 2147483647;
			files = (
			);
			runOnlyForDeploymentPostprocessing = 0;
		};
/* End PBXResourcesBuildPhase section */

/* Begin PBXSourcesBuildPhase section */
		357164DB19DB1E4800ED38A9 /* Sources */ = {
			isa = PBXSourcesBuildPhase;
			buildActionMask = 2147483647;
			files = (
				9670A90F1C646FE600EEF360 /* AdManagerView.swift in Sources */,
				357164E919DB1E4800ED38A9 /* GameScene.swift in Sources */,
				969288BC1CB2686B00CA073A /* ADXML.swift in Sources */,
				969288AE1CB2677F00CA073A /* Utility.swift in Sources */,
				357164EB19DB1E4800ED38A9 /* GameViewController.swift in Sources */,
				3571651019DB322700ED38A9 /* GameOverScene.swift in Sources */,
				9670A9101C646FE600EEF360 /* cclass.m in Sources */,
				357164E519DB1E4800ED38A9 /* AppDelegate.swift in Sources */,
				9670A9111C646FE600EEF360 /* MyAd.swift in Sources */,
				9670A9141C64708900EEF360 /* Data.swift in Sources */,
			);
			runOnlyForDeploymentPostprocessing = 0;
		};
		357164F419DB1E4800ED38A9 /* Sources */ = {
			isa = PBXSourcesBuildPhase;
			buildActionMask = 2147483647;
			files = (
				357164FF19DB1E4800ED38A9 /* SpriteKitSimpleGameTests.swift in Sources */,
			);
			runOnlyForDeploymentPostprocessing = 0;
		};
/* End PBXSourcesBuildPhase section */

/* Begin PBXTargetDependency section */
		357164FA19DB1E4800ED38A9 /* PBXTargetDependency */ = {
			isa = PBXTargetDependency;
			target = 357164DE19DB1E4800ED38A9 /* Gummy Fighter */;
			targetProxy = 357164F919DB1E4800ED38A9 /* PBXContainerItemProxy */;
		};
/* End PBXTargetDependency section */

/* Begin PBXVariantGroup section */
		357164EC19DB1E4800ED38A9 /* Main.storyboard */ = {
			isa = PBXVariantGroup;
			children = (
				357164ED19DB1E4800ED38A9 /* Base */,
			);
			name = Main.storyboard;
			sourceTree = "<group>";
		};
		357164F119DB1E4800ED38A9 /* LaunchScreen.xib */ = {
			isa = PBXVariantGroup;
			children = (
				357164F219DB1E4800ED38A9 /* Base */,
			);
			name = LaunchScreen.xib;
			sourceTree = "<group>";
		};
/* End PBXVariantGroup section */

/* Begin XCBuildConfiguration section */
		3571650019DB1E4800ED38A9 /* Debug */ = {
			isa = XCBuildConfiguration;
			buildSettings = {
				ALWAYS_SEARCH_USER_PATHS = NO;
				CLANG_CXX_LANGUAGE_STANDARD = "gnu++0x";
				CLANG_CXX_LIBRARY = "libc++";
				CLANG_ENABLE_MODULES = YES;
				CLANG_ENABLE_OBJC_ARC = YES;
				CLANG_WARN_BOOL_CONVERSION = YES;
				CLANG_WARN_CONSTANT_CONVERSION = YES;
				CLANG_WARN_DIRECT_OBJC_ISA_USAGE = YES_ERROR;
				CLANG_WARN_EMPTY_BODY = YES;
				CLANG_WARN_ENUM_CONVERSION = YES;
				CLANG_WARN_INT_CONVERSION = YES;
				CLANG_WARN_OBJC_ROOT_CLASS = YES_ERROR;
				CLANG_WARN_UNREACHABLE_CODE = YES;
				CLANG_WARN__DUPLICATE_METHOD_MATCH = YES;
				"CODE_SIGN_IDENTITY[sdk=iphoneos*]" = "iPhone Developer";
				COPY_PHASE_STRIP = NO;
				ENABLE_STRICT_OBJC_MSGSEND = YES;
				ENABLE_TESTABILITY = YES;
				GCC_C_LANGUAGE_STANDARD = gnu99;
				GCC_DYNAMIC_NO_PIC = NO;
				GCC_OPTIMIZATION_LEVEL = 0;
				GCC_PREPROCESSOR_DEFINITIONS = (
					"DEBUG=1",
					"$(inherited)",
				);
				GCC_SYMBOLS_PRIVATE_EXTERN = NO;
				GCC_WARN_64_TO_32_BIT_CONVERSION = YES;
				GCC_WARN_ABOUT_RETURN_TYPE = YES_ERROR;
				GCC_WARN_UNDECLARED_SELECTOR = YES;
				GCC_WARN_UNINITIALIZED_AUTOS = YES_AGGRESSIVE;
				GCC_WARN_UNUSED_FUNCTION = YES;
				GCC_WARN_UNUSED_VARIABLE = YES;
				IPHONEOS_DEPLOYMENT_TARGET = 8.0;
				MTL_ENABLE_DEBUG_INFO = YES;
				ONLY_ACTIVE_ARCH = YES;
				SDKROOT = iphoneos;
				SWIFT_OPTIMIZATION_LEVEL = "-Onone";
			};
			name = Debug;
		};
		3571650119DB1E4800ED38A9 /* Release */ = {
			isa = XCBuildConfiguration;
			buildSettings = {
				ALWAYS_SEARCH_USER_PATHS = NO;
				CLANG_CXX_LANGUAGE_STANDARD = "gnu++0x";
				CLANG_CXX_LIBRARY = "libc++";
				CLANG_ENABLE_MODULES = YES;
				CLANG_ENABLE_OBJC_ARC = YES;
				CLANG_WARN_BOOL_CONVERSION = YES;
				CLANG_WARN_CONSTANT_CONVERSION = YES;
				CLANG_WARN_DIRECT_OBJC_ISA_USAGE = YES_ERROR;
				CLANG_WARN_EMPTY_BODY = YES;
				CLANG_WARN_ENUM_CONVERSION = YES;
				CLANG_WARN_INT_CONVERSION = YES;
				CLANG_WARN_OBJC_ROOT_CLASS = YES_ERROR;
				CLANG_WARN_UNREACHABLE_CODE = YES;
				CLANG_WARN__DUPLICATE_METHOD_MATCH = YES;
				"CODE_SIGN_IDENTITY[sdk=iphoneos*]" = "iPhone Developer";
				COPY_PHASE_STRIP = YES;
				ENABLE_NS_ASSERTIONS = NO;
				ENABLE_STRICT_OBJC_MSGSEND = YES;
				GCC_C_LANGUAGE_STANDARD = gnu99;
				GCC_WARN_64_TO_32_BIT_CONVERSION = YES;
				GCC_WARN_ABOUT_RETURN_TYPE = YES_ERROR;
				GCC_WARN_UNDECLARED_SELECTOR = YES;
				GCC_WARN_UNINITIALIZED_AUTOS = YES_AGGRESSIVE;
				GCC_WARN_UNUSED_FUNCTION = YES;
				GCC_WARN_UNUSED_VARIABLE = YES;
				IPHONEOS_DEPLOYMENT_TARGET = 8.0;
				MTL_ENABLE_DEBUG_INFO = NO;
				SDKROOT = iphoneos;
				VALIDATE_PRODUCT = YES;
			};
			name = Release;
		};
		3571650319DB1E4800ED38A9 /* Debug */ = {
			isa = XCBuildConfiguration;
			buildSettings = {
				ASSETCATALOG_COMPILER_APPICON_NAME = AppIcon;
				ASSETCATALOG_COMPILER_LAUNCHIMAGE_NAME = LaunchImage;
				CODE_SIGN_IDENTITY = "iPhone Developer";
				"CODE_SIGN_IDENTITY[sdk=iphoneos*]" = "iPhone Developer";
				ENABLE_BITCODE = NO;
				FRAMEWORK_SEARCH_PATHS = (
					"$(inherited)",
					"$(PROJECT_DIR)",
					"$(PROJECT_DIR)/SpriteKitSimpleGame/AdManager",
					"$(SDKROOT)$(SYSTEM_LIBRARY_DIR)/PrivateFrameworks",
				);
				INFOPLIST_FILE = SpriteKitSimpleGame/Info.plist;
				IPHONEOS_DEPLOYMENT_TARGET = 7.0;
				LD_RUNPATH_SEARCH_PATHS = "$(inherited) @executable_path/Frameworks";
				OTHER_LDFLAGS = "-ObjC";
				PRODUCT_BUNDLE_IDENTIFIER = "phuongnguyen.Gummy-Fighter";
				PRODUCT_NAME = "Gummy Fighter";
				PROVISIONING_PROFILE = "";
				SWIFT_OBJC_BRIDGING_HEADER = "SpriteKitSimpleGame/AdManager/Bridging-header.h";
			};
			name = Debug;
		};
		3571650419DB1E4800ED38A9 /* Release */ = {
			isa = XCBuildConfiguration;
			buildSettings = {
				ASSETCATALOG_COMPILER_APPICON_NAME = AppIcon;
				ASSETCATALOG_COMPILER_LAUNCHIMAGE_NAME = LaunchImage;
				CODE_SIGN_IDENTITY = "iPhone Developer";
				"CODE_SIGN_IDENTITY[sdk=iphoneos*]" = "iPhone Developer";
				ENABLE_BITCODE = NO;
				FRAMEWORK_SEARCH_PATHS = (
					"$(inherited)",
					"$(PROJECT_DIR)",
					"$(PROJECT_DIR)/SpriteKitSimpleGame/AdManager",
					"$(SDKROOT)$(SYSTEM_LIBRARY_DIR)/PrivateFrameworks",
				);
				INFOPLIST_FILE = SpriteKitSimpleGame/Info.plist;
				IPHONEOS_DEPLOYMENT_TARGET = 7.0;
				LD_RUNPATH_SEARCH_PATHS = "$(inherited) @executable_path/Frameworks";
				OTHER_LDFLAGS = "-ObjC";
				PRODUCT_BUNDLE_IDENTIFIER = "phuongnguyen.Gummy-Fighter";
				PRODUCT_NAME = "Gummy Fighter";
				PROVISIONING_PROFILE = "";
				SWIFT_OBJC_BRIDGING_HEADER = "SpriteKitSimpleGame/AdManager/Bridging-header.h";
			};
			name = Release;
		};
		3571650619DB1E4800ED38A9 /* Debug */ = {
			isa = XCBuildConfiguration;
			buildSettings = {
				BUNDLE_LOADER = "$(TEST_HOST)";
				FRAMEWORK_SEARCH_PATHS = (
					"$(SDKROOT)/Developer/Library/Frameworks",
					"$(inherited)",
				);
				GCC_PREPROCESSOR_DEFINITIONS = (
					"DEBUG=1",
					"$(inherited)",
				);
				INFOPLIST_FILE = SpriteKitSimpleGameTests/Info.plist;
				LD_RUNPATH_SEARCH_PATHS = "$(inherited) @executable_path/Frameworks @loader_path/Frameworks";
				PRODUCT_BUNDLE_IDENTIFIER = "com.razeware.$(PRODUCT_NAME:rfc1034identifier)";
				PRODUCT_NAME = "Gummy Fighter";
				TEST_HOST = "$(BUILT_PRODUCTS_DIR)/Gummy Fighter.app/Gummy Fighter";
			};
			name = Debug;
		};
		3571650719DB1E4800ED38A9 /* Release */ = {
			isa = XCBuildConfiguration;
			buildSettings = {
				BUNDLE_LOADER = "$(TEST_HOST)";
				FRAMEWORK_SEARCH_PATHS = (
					"$(SDKROOT)/Developer/Library/Frameworks",
					"$(inherited)",
				);
				INFOPLIST_FILE = SpriteKitSimpleGameTests/Info.plist;
				LD_RUNPATH_SEARCH_PATHS = "$(inherited) @executable_path/Frameworks @loader_path/Frameworks";
				PRODUCT_BUNDLE_IDENTIFIER = "com.razeware.$(PRODUCT_NAME:rfc1034identifier)";
				PRODUCT_NAME = "Gummy Fighter";
				TEST_HOST = "$(BUILT_PRODUCTS_DIR)/Gummy Fighter.app/Gummy Fighter";
			};
			name = Release;
		};
/* End XCBuildConfiguration section */

/* Begin XCConfigurationList section */
		357164DA19DB1E4800ED38A9 /* Build configuration list for PBXProject "Gummy Fighter" */ = {
			isa = XCConfigurationList;
			buildConfigurations = (
				3571650019DB1E4800ED38A9 /* Debug */,
				3571650119DB1E4800ED38A9 /* Release */,
			);
			defaultConfigurationIsVisible = 0;
			defaultConfigurationName = Release;
		};
		3571650219DB1E4800ED38A9 /* Build configuration list for PBXNativeTarget "Gummy Fighter" */ = {
			isa = XCConfigurationList;
			buildConfigurations = (
				3571650319DB1E4800ED38A9 /* Debug */,
				3571650419DB1E4800ED38A9 /* Release */,
			);
			defaultConfigurationIsVisible = 0;
			defaultConfigurationName = Release;
		};
		3571650519DB1E4800ED38A9 /* Build configuration list for PBXNativeTarget "Gummy FighterTests" */ = {
			isa = XCConfigurationList;
			buildConfigurations = (
				3571650619DB1E4800ED38A9 /* Debug */,
				3571650719DB1E4800ED38A9 /* Release */,
			);
			defaultConfigurationIsVisible = 0;
			defaultConfigurationName = Release;
		};
/* End XCConfigurationList section */
	};
	rootObject = 357164D719DB1E4800ED38A9 /* Project object */;
}
